
Microsoft Visual Studio Solution File, Format Version 12.00
Project("{FAE04EC0-301F-11D3-BF4B-00C04F79EFBC}") = "Prototype", "Prototype\Prototype.csproj", "{1A61EB79-2093-40DE-81C6-3A80524E00A7}"
EndProject
Project("{FAE04EC0-301F-11D3-BF4B-00C04F79EFBC}") = "Factory", "Factory\Factory.csproj", "{5E9326A0-F7B5-4FBC-B45B-DD885AAEBA77}"
EndProject
Project("{FAE04EC0-301F-11D3-BF4B-00C04F79EFBC}") = "Singletone", "Singletone\Singletone.csproj", "{762E02C4-A103-4185-B393-3AC24C12A5C3}"
EndProject
Project("{FAE04EC0-301F-11D3-BF4B-00C04F79EFBC}") = "AbstractFactory", "AbstractFactory\AbstractFactory.csproj", "{F5A52188-57B5-44CC-B4B6-AC92500E2E73}"
EndProject
Project("{2150E333-8FDC-42A3-9474-1A3956D46DE8}") = "CreationalPatterns", "CreationalPatterns", "{1E03352A-72FD-40C9-9F04-8C5BF4006A56}"
EndProject
Project("{2150E333-8FDC-42A3-9474-1A3956D46DE8}") = "Structural", "Structural", "{060F3E91-4C22-4315-AE98-1DAC91E387A3}"
EndProject
Project("{FAE04EC0-301F-11D3-BF4B-00C04F79EFBC}") = "PluggableAdapter", "PluggableAdapter\PluggableAdapter.csproj", "{483D46EE-ABC4-4568-A789-5315C1EA0617}"
EndProject
Project("{FAE04EC0-301F-11D3-BF4B-00C04F79EFBC}") = "DelegateExamples", "DelegateExamples\DelegateExamples.csproj", "{BF188FEB-1479-4BCD-8313-62439A1150B4}"
EndProject
Project("{FAE04EC0-301F-11D3-BF4B-00C04F79EFBC}") = "Facade", "Facade\Facade.csproj", "{FE9B2405-7572-469A-B967-9C8AB16D01B4}"
EndProject
Project("{FAE04EC0-301F-11D3-BF4B-00C04F79EFBC}") = "Builder", "Builder\Builder.csproj", "{2C7EA3B3-7C72-4202-82B7-EEE0AB609858}"
EndProject
Project("{2150E333-8FDC-42A3-9474-1A3956D46DE8}") = "Behavioral", "Behavioral", "{B71392E9-F643-48DD-B37F-8FC5E3FECA81}"
EndProject
Project("{FAE04EC0-301F-11D3-BF4B-00C04F79EFBC}") = "Strategy", "Strategy\Strategy.csproj", "{0B45DB71-A948-4BD9-9282-D25AA49F1CAF}"
EndProject
Project("{FAE04EC0-301F-11D3-BF4B-00C04F79EFBC}") = "State", "State\State.csproj", "{64940EF8-A850-42C4-BB56-B72B734023B2}"
EndProject
Project("{FAE04EC0-301F-11D3-BF4B-00C04F79EFBC}") = "Template", "Template\Template.csproj", "{D8AFECB6-2EAC-4081-8881-EB1B7D326DE4}"
EndProject
Project("{FAE04EC0-301F-11D3-BF4B-00C04F79EFBC}") = "ChainOfResponsibility", "ChainOfResponsibility\ChainOfResponsibility.csproj", "{281F3B51-9F63-4A0A-B138-4908F7F3C255}"
EndProject
Project("{FAE04EC0-301F-11D3-BF4B-00C04F79EFBC}") = "Command", "Command\Command.csproj", "{3F4E7E30-CB7D-4EE5-9C97-21382C84B00B}"
EndProject
Project("{FAE04EC0-301F-11D3-BF4B-00C04F79EFBC}") = "Iterator", "Iterator\Iterator.csproj", "{3FF882A9-E4C8-41DE-8ACE-99FBC70266D2}"
EndProject
Project("{FAE04EC0-301F-11D3-BF4B-00C04F79EFBC}") = "Mediator", "Mediator\Mediator.csproj", "{F74C138C-6BEA-40C9-9084-A6B18E74D934}"
EndProject
Global
	GlobalSection(SolutionConfigurationPlatforms) = preSolution
		Debug|Any CPU = Debug|Any CPU
		Release|Any CPU = Release|Any CPU
	EndGlobalSection
	GlobalSection(ProjectConfigurationPlatforms) = postSolution
		{1A61EB79-2093-40DE-81C6-3A80524E00A7}.Debug|Any CPU.ActiveCfg = Debug|Any CPU
		{1A61EB79-2093-40DE-81C6-3A80524E00A7}.Debug|Any CPU.Build.0 = Debug|Any CPU
		{1A61EB79-2093-40DE-81C6-3A80524E00A7}.Release|Any CPU.ActiveCfg = Release|Any CPU
		{1A61EB79-2093-40DE-81C6-3A80524E00A7}.Release|Any CPU.Build.0 = Release|Any CPU
		{5E9326A0-F7B5-4FBC-B45B-DD885AAEBA77}.Debug|Any CPU.ActiveCfg = Debug|Any CPU
		{5E9326A0-F7B5-4FBC-B45B-DD885AAEBA77}.Debug|Any CPU.Build.0 = Debug|Any CPU
		{5E9326A0-F7B5-4FBC-B45B-DD885AAEBA77}.Release|Any CPU.ActiveCfg = Release|Any CPU
		{5E9326A0-F7B5-4FBC-B45B-DD885AAEBA77}.Release|Any CPU.Build.0 = Release|Any CPU
		{762E02C4-A103-4185-B393-3AC24C12A5C3}.Debug|Any CPU.ActiveCfg = Debug|Any CPU
		{762E02C4-A103-4185-B393-3AC24C12A5C3}.Debug|Any CPU.Build.0 = Debug|Any CPU
		{762E02C4-A103-4185-B393-3AC24C12A5C3}.Release|Any CPU.ActiveCfg = Release|Any CPU
		{762E02C4-A103-4185-B393-3AC24C12A5C3}.Release|Any CPU.Build.0 = Release|Any CPU
		{F5A52188-57B5-44CC-B4B6-AC92500E2E73}.Debug|Any CPU.ActiveCfg = Debug|Any CPU
		{F5A52188-57B5-44CC-B4B6-AC92500E2E73}.Debug|Any CPU.Build.0 = Debug|Any CPU
		{F5A52188-57B5-44CC-B4B6-AC92500E2E73}.Release|Any CPU.ActiveCfg = Release|Any CPU
		{F5A52188-57B5-44CC-B4B6-AC92500E2E73}.Release|Any CPU.Build.0 = Release|Any CPU
		{483D46EE-ABC4-4568-A789-5315C1EA0617}.Debug|Any CPU.ActiveCfg = Debug|Any CPU
		{483D46EE-ABC4-4568-A789-5315C1EA0617}.Debug|Any CPU.Build.0 = Debug|Any CPU
		{483D46EE-ABC4-4568-A789-5315C1EA0617}.Release|Any CPU.ActiveCfg = Release|Any CPU
		{483D46EE-ABC4-4568-A789-5315C1EA0617}.Release|Any CPU.Build.0 = Release|Any CPU
		{BF188FEB-1479-4BCD-8313-62439A1150B4}.Debug|Any CPU.ActiveCfg = Debug|Any CPU
		{BF188FEB-1479-4BCD-8313-62439A1150B4}.Debug|Any CPU.Build.0 = Debug|Any CPU
		{BF188FEB-1479-4BCD-8313-62439A1150B4}.Release|Any CPU.ActiveCfg = Release|Any CPU
		{BF188FEB-1479-4BCD-8313-62439A1150B4}.Release|Any CPU.Build.0 = Release|Any CPU
		{FE9B2405-7572-469A-B967-9C8AB16D01B4}.Debug|Any CPU.ActiveCfg = Debug|Any CPU
		{FE9B2405-7572-469A-B967-9C8AB16D01B4}.Debug|Any CPU.Build.0 = Debug|Any CPU
		{FE9B2405-7572-469A-B967-9C8AB16D01B4}.Release|Any CPU.ActiveCfg = Release|Any CPU
		{FE9B2405-7572-469A-B967-9C8AB16D01B4}.Release|Any CPU.Build.0 = Release|Any CPU
		{2C7EA3B3-7C72-4202-82B7-EEE0AB609858}.Debug|Any CPU.ActiveCfg = Debug|Any CPU
		{2C7EA3B3-7C72-4202-82B7-EEE0AB609858}.Debug|Any CPU.Build.0 = Debug|Any CPU
		{2C7EA3B3-7C72-4202-82B7-EEE0AB609858}.Release|Any CPU.ActiveCfg = Release|Any CPU
		{2C7EA3B3-7C72-4202-82B7-EEE0AB609858}.Release|Any CPU.Build.0 = Release|Any CPU
		{0B45DB71-A948-4BD9-9282-D25AA49F1CAF}.Debug|Any CPU.ActiveCfg = Debug|Any CPU
		{0B45DB71-A948-4BD9-9282-D25AA49F1CAF}.Debug|Any CPU.Build.0 = Debug|Any CPU
		{0B45DB71-A948-4BD9-9282-D25AA49F1CAF}.Release|Any CPU.ActiveCfg = Release|Any CPU
		{0B45DB71-A948-4BD9-9282-D25AA49F1CAF}.Release|Any CPU.Build.0 = Release|Any CPU
		{64940EF8-A850-42C4-BB56-B72B734023B2}.Debug|Any CPU.ActiveCfg = Debug|Any CPU
		{64940EF8-A850-42C4-BB56-B72B734023B2}.Debug|Any CPU.Build.0 = Debug|Any CPU
		{64940EF8-A850-42C4-BB56-B72B734023B2}.Release|Any CPU.ActiveCfg = Release|Any CPU
		{64940EF8-A850-42C4-BB56-B72B734023B2}.Release|Any CPU.Build.0 = Release|Any CPU
		{D8AFECB6-2EAC-4081-8881-EB1B7D326DE4}.Debug|Any CPU.ActiveCfg = Debug|Any CPU
		{D8AFECB6-2EAC-4081-8881-EB1B7D326DE4}.Debug|Any CPU.Build.0 = Debug|Any CPU
		{D8AFECB6-2EAC-4081-8881-EB1B7D326DE4}.Release|Any CPU.ActiveCfg = Release|Any CPU
		{D8AFECB6-2EAC-4081-8881-EB1B7D326DE4}.Release|Any CPU.Build.0 = Release|Any CPU
		{281F3B51-9F63-4A0A-B138-4908F7F3C255}.Debug|Any CPU.ActiveCfg = Debug|Any CPU
		{281F3B51-9F63-4A0A-B138-4908F7F3C255}.Debug|Any CPU.Build.0 = Debug|Any CPU
		{281F3B51-9F63-4A0A-B138-4908F7F3C255}.Release|Any CPU.ActiveCfg = Release|Any CPU
		{281F3B51-9F63-4A0A-B138-4908F7F3C255}.Release|Any CPU.Build.0 = Release|Any CPU
		{3F4E7E30-CB7D-4EE5-9C97-21382C84B00B}.Debug|Any CPU.ActiveCfg = Debug|Any CPU
		{3F4E7E30-CB7D-4EE5-9C97-21382C84B00B}.Debug|Any CPU.Build.0 = Debug|Any CPU
		{3F4E7E30-CB7D-4EE5-9C97-21382C84B00B}.Release|Any CPU.ActiveCfg = Release|Any CPU
		{3F4E7E30-CB7D-4EE5-9C97-21382C84B00B}.Release|Any CPU.Build.0 = Release|Any CPU
		{3FF882A9-E4C8-41DE-8ACE-99FBC70266D2}.Debug|Any CPU.ActiveCfg = Debug|Any CPU
		{3FF882A9-E4C8-41DE-8ACE-99FBC70266D2}.Debug|Any CPU.Build.0 = Debug|Any CPU
		{3FF882A9-E4C8-41DE-8ACE-99FBC70266D2}.Release|Any CPU.ActiveCfg = Release|Any CPU
		{3FF882A9-E4C8-41DE-8ACE-99FBC70266D2}.Release|Any CPU.Build.0 = Release|Any CPU
		{F74C138C-6BEA-40C9-9084-A6B18E74D934}.Debug|Any CPU.ActiveCfg = Debug|Any CPU
		{F74C138C-6BEA-40C9-9084-A6B18E74D934}.Debug|Any CPU.Build.0 = Debug|Any CPU
		{F74C138C-6BEA-40C9-9084-A6B18E74D934}.Release|Any CPU.ActiveCfg = Release|Any CPU
		{F74C138C-6BEA-40C9-9084-A6B18E74D934}.Release|Any CPU.Build.0 = Release|Any CPU
	EndGlobalSection
	GlobalSection(NestedProjects) = preSolution
		{F5A52188-57B5-44CC-B4B6-AC92500E2E73} = {1E03352A-72FD-40C9-9F04-8C5BF4006A56}
		{5E9326A0-F7B5-4FBC-B45B-DD885AAEBA77} = {1E03352A-72FD-40C9-9F04-8C5BF4006A56}
		{1A61EB79-2093-40DE-81C6-3A80524E00A7} = {1E03352A-72FD-40C9-9F04-8C5BF4006A56}
		{762E02C4-A103-4185-B393-3AC24C12A5C3} = {060F3E91-4C22-4315-AE98-1DAC91E387A3}
		{483D46EE-ABC4-4568-A789-5315C1EA0617} = {060F3E91-4C22-4315-AE98-1DAC91E387A3}
		{FE9B2405-7572-469A-B967-9C8AB16D01B4} = {060F3E91-4C22-4315-AE98-1DAC91E387A3}
		{2C7EA3B3-7C72-4202-82B7-EEE0AB609858} = {1E03352A-72FD-40C9-9F04-8C5BF4006A56}
		{0B45DB71-A948-4BD9-9282-D25AA49F1CAF} = {B71392E9-F643-48DD-B37F-8FC5E3FECA81}
		{64940EF8-A850-42C4-BB56-B72B734023B2} = {B71392E9-F643-48DD-B37F-8FC5E3FECA81}
		{D8AFECB6-2EAC-4081-8881-EB1B7D326DE4} = {B71392E9-F643-48DD-B37F-8FC5E3FECA81}
		{281F3B51-9F63-4A0A-B138-4908F7F3C255} = {B71392E9-F643-48DD-B37F-8FC5E3FECA81}
		{3F4E7E30-CB7D-4EE5-9C97-21382C84B00B} = {B71392E9-F643-48DD-B37F-8FC5E3FECA81}
		{3FF882A9-E4C8-41DE-8ACE-99FBC70266D2} = {B71392E9-F643-48DD-B37F-8FC5E3FECA81}
		{F74C138C-6BEA-40C9-9084-A6B18E74D934} = {B71392E9-F643-48DD-B37F-8FC5E3FECA81}
	EndGlobalSection
EndGlobal
